hash: a64e9ff00ae5ebbb53813356355aa2ca40759ccc269fde280854ded86f02783d
updated: 2017-11-13T14:07:22.793723345Z
imports:
- name: github.com/agl/ed25519
  version: 5312a61534124124185d41f09206b9fef1d88403
  subpackages:
  - edwards25519
- name: github.com/btcsuite/btclog
  version: 84c8d2346e9fc8c7b947e243b9c24e6df9fd206a
- name: github.com/btcsuite/go-socks
  version: 4720035b7bfd2a9bb130b1c184f8bbe41b6f0d0f
  subpackages:
  - socks
- name: github.com/btcsuite/websocket
  version: 31079b6807923eb23992c421b114992b95131b55
- name: github.com/dchest/blake256
  version: dee3fe6eb0e98dc774a94fc231f85baf7c29d360
- name: github.com/decred/base58
  version: b3520e187fa8ebe65eb74245408cf4b83e6a65d3
- name: github.com/decred/dcrd
  version: e14519348390e77af99d32480fb410d49b05043f
  subpackages:
  - blockchain/stake
  - blockchain/stake/internal/dbnamespace
  - blockchain/stake/internal/ticketdb
  - blockchain/stake/internal/tickettreap
  - chaincfg
  - chaincfg/chainec
  - chaincfg/chainhash
  - database
  - dcrec/edwards
  - dcrec/secp256k1
  - dcrec/secp256k1/schnorr
  - dcrjson
  - dcrutil
  - rpcclient
  - txscript
  - wire
- name: golang.org/x/crypto
  version: 6a293f2d4b14b8e6d3f0539e383f6d0d30fce3fd
  subpackages:
  - ripemd160
testImports: []
